Microsoft Visual Studio Solution File, Format Version 12.00
# Visual Studio Version 17
VisualStudioVersion = 17.5.2.0
MinimumVisualStudioVersion = 10.0.40219.1
Project("{FAE04EC0-301F-11D3-BF4B-00C04F79EFBC}") = "ConsoleApp0_Intro", "ConsoleApp0_Intro.csproj", "{73F2A808-5B68-5C12-0784-9F6074C31821}"
EndProject
Global
	GlobalSection(SolutionConfigurationPlatforms) = preSolution
		Debug|Any CPU = Debug|Any CPU
		Release|Any CPU = Release|Any CPU
	EndGlobalSection
	GlobalSection(ProjectConfigurationPlatforms) = postSolution
		{73F2A808-5B68-5C12-0784-9F6074C31821}.Debug|Any CPU.ActiveCfg = Debug|Any CPU
		{73F2A808-5B68-5C12-0784-9F6074C31821}.Debug|Any CPU.Build.0 = Debug|Any CPU
		{73F2A808-5B68-5C12-0784-9F6074C31821}.Release|Any CPU.ActiveCfg = Release|Any CPU
		{73F2A808-5B68-5C12-0784-9F6074C31821}.Release|Any CPU.Build.0 = Release|Any CPU
	EndGlobalSection
	GlobalSection(SolutionProperties) = preSolution
		HideSolutionNode = FALSE
	EndGlobalSection
	GlobalSection(ExtensibilityGlobals) = postSolution
		SolutionGuid = {89EE1CA1-8476-4AE2-B46A-0F757CB25049}
	EndGlobalSection
EndGlobal
